
Microsoft Visual Studio Solution File, Format Version 12.00
# Visual Studio 15
VisualStudioVersion = 15.0.26228.12
MinimumVisualStudioVersion = 10.0.40219.1
Project("{FAE04EC0-301F-11D3-BF4B-00C04F79EFBC}") = "DuelResponse", "DuelResponse\DuelResponse.csproj", "{2445E1DE-D6EF-4619-B190-892F29319540}"
EndProject
Project("{FAE04EC0-301F-11D3-BF4B-00C04F79EFBC}") = "DuelServices", "DuelServices\DuelServices.csproj", "{DFA7B895-E1F1-4132-8C76-0D8D4DBD43A1}"
EndProject
Global
	GlobalSection(SolutionConfigurationPlatforms) = preSolution
		Debug|Any CPU = Debug|Any CPU
		Release|Any CPU = Release|Any CPU
	EndGlobalSection
	GlobalSection(ProjectConfigurationPlatforms) = postSolution
		{2445E1DE-D6EF-4619-B190-892F29319540}.Debug|Any CPU.ActiveCfg = Debug|Any CPU
		{2445E1DE-D6EF-4619-B190-892F29319540}.Debug|Any CPU.Build.0 = Debug|Any CPU
		{2445E1DE-D6EF-4619-B190-892F29319540}.Release|Any CPU.ActiveCfg = Release|Any CPU
		{2445E1DE-D6EF-4619-B190-892F29319540}.Release|Any CPU.Build.0 = Release|Any CPU
		{DFA7B895-E1F1-4132-8C76-0D8D4DBD43A1}.Debug|Any CPU.ActiveCfg = Debug|Any CPU
		{DFA7B895-E1F1-4132-8C76-0D8D4DBD43A1}.Debug|Any CPU.Build.0 = Debug|Any CPU
		{DFA7B895-E1F1-4132-8C76-0D8D4DBD43A1}.Release|Any CPU.ActiveCfg = Release|Any CPU
		{DFA7B895-E1F1-4132-8C76-0D8D4DBD43A1}.Release|Any CPU.Build.0 = Release|Any CPU
	EndGlobalSection
	GlobalSection(SolutionProperties) = preSolution
		HideSolutionNode = FALSE
	EndGlobalSection
EndGlobal
